// !$*UTF8*$!
{
	archiveVersion = 1;
	classes = {
	};
	objectVersion = 50;
	objects = {

/* Begin PBXBuildFile section */
		887F28FE26175F9500FF62A1 /* AppDelegate.swift in Sources */ = {isa = PBXBuildFile; fileRef = 887F28FD26175F9500FF62A1 /* AppDelegate.swift */; };
		887F290026175F9500FF62A1 /* SceneDelegate.swift in Sources */ = {isa = PBXBuildFile; fileRef = 887F28FF26175F9500FF62A1 /* SceneDelegate.swift */; };
		887F290226175F9500FF62A1 /* ViewController.swift in Sources */ = {isa = PBXBuildFile; fileRef = 887F290126175F9500FF62A1 /* ViewController.swift */; };
		887F290526175F9500FF62A1 /* Main.storyboard in Resources */ = {isa = PBXBuildFile; fileRef = 887F290326175F9500FF62A1 /* Main.storyboard */; };
		887F290726175F9800FF62A1 /* Assets.xcassets in Resources */ = {isa = PBXBuildFile; fileRef = 887F290626175F9800FF62A1 /* Assets.xcassets */; };
		887F290A26175F9800FF62A1 /* LaunchScreen.storyboard in Resources */ = {isa = PBXBuildFile; fileRef = 887F290826175F9800FF62A1 /* LaunchScreen.storyboard */; };
		BC75F5CCE9DDCE2638F53EAF /* Pods_SwiftRealmFCCalendar.framework in Frameworks */ = {isa = PBXBuildFile; fileRef = 758A21CAEC80C6361BD0CC47 /* Pods_SwiftRealmFCCalendar.framework */; };
/* End PBXBuildFile section */

/* Begin PBXFileReference section */
		5232607BE1B8E039641A0CCC /* Pods-SwiftRealmFCCalendar.debug.xcconfig */ = {isa = PBXFileReference; includeInIndex = 1; lastKnownFileType = text.xcconfig; name = "Pods-SwiftRealmFCCalendar.debug.xcconfig"; path = "Target Support Files/Pods-SwiftRealmFCCalendar/Pods-SwiftRealmFCCalendar.debug.xcconfig"; sourceTree = "<group>"; };
		758A21CAEC80C6361BD0CC47 /* Pods_SwiftRealmFCCalendar.framework */ = {isa = PBXFileReference; explicitFileType = wrapper.framework; includeInIndex = 0; path = Pods_SwiftRealmFCCalendar.framework; sourceTree = BUILT_PRODUCTS_DIR; };
		885D86E370CF339F54A55D30 /* Pods-SwiftRealmFCCalendar.release.xcconfig */ = {isa = PBXFileReference; includeInIndex = 1; lastKnownFileType = text.xcconfig; name = "Pods-SwiftRealmFCCalendar.release.xcconfig"; path = "Target Support Files/Pods-SwiftRealmFCCalendar/Pods-SwiftRealmFCCalendar.release.xcconfig"; sourceTree = "<group>"; };
		887F28FA26175F9500FF62A1 /* SwiftRealmFCCalendar.app */ = {isa = PBXFileReference; explicitFileType = wrapper.application; includeInIndex = 0; path = SwiftRealmFCCalendar.app; sourceTree = BUILT_PRODUCTS_DIR; };
		887F28FD26175F9500FF62A1 /* AppDelegate.swift */ = {isa = PBXFileReference; lastKnownFileType = sourcecode.swift; path = AppDelegate.swift; sourceTree = "<group>"; };
		887F28FF26175F9500FF62A1 /* SceneDelegate.swift */ = {isa = PBXFileReference; lastKnownFileType = sourcecode.swift; path = SceneDelegate.swift; sourceTree = "<group>"; };
		887F290126175F9500FF62A1 /* ViewController.swift */ = {isa = PBXFileReference; lastKnownFileType = sourcecode.swift; path = ViewController.swift; sourceTree = "<group>"; };
		887F290426175F9500FF62A1 /* Base */ = {isa = PBXFileReference; lastKnownFileType = file.storyboard; name = Base; path = Base.lproj/Main.storyboard; sourceTree = "<group>"; };
		887F290626175F9800FF62A1 /* Assets.xcassets */ = {isa = PBXFileReference; lastKnownFileType = folder.assetcatalog; path = Assets.xcassets; sourceTree = "<group>"; };
		887F290926175F9800FF62A1 /* Base */ = {isa = PBXFileReference; lastKnownFileType = file.storyboard; name = Base; path = Base.lproj/LaunchScreen.storyboard; sourceTree = "<group>"; };
		887F290B26175F9800FF62A1 /* Info.plist */ = {isa = PBXFileReference; lastKnownFileType = text.plist.xml; path = Info.plist; sourceTree = "<group>"; };
/* End PBXFileReference section */

/* Begin PBXFrameworksBuildPhase section */
		887F28F726175F9500FF62A1 /* Frameworks */ = {
			isa = PBXFrameworksBuildPhase;
			buildActionMask = 2147483647;
			files = (
				BC75F5CCE9DDCE2638F53EAF /* Pods_SwiftRealmFCCalendar.framework in Frameworks */,
			);
			runOnlyForDeploymentPostprocessing = 0;
		};
/* End PBXFrameworksBuildPhase section */

/* Begin PBXGroup section */
		0632FCC5E83C550E3198A00B /* Frameworks */ = {
			isa = PBXGroup;
			children = (
				758A21CAEC80C6361BD0CC47 /* Pods_SwiftRealmFCCalendar.framework */,
			);
			name = Frameworks;
			sourceTree = "<group>";
		};
		887F28F126175F9500FF62A1 = {
			isa = PBXGroup;
			children = (
				887F28FC26175F9500FF62A1 /* SwiftRealmFCCalendar */,
				887F28FB26175F9500FF62A1 /* Products */,
				E07146456EEF86617464D722 /* Pods */,
				0632FCC5E83C550E3198A00B /* Frameworks */,
			);
			sourceTree = "<group>";
		};
		887F28FB26175F9500FF62A1 /* Products */ = {
			isa = PBXGroup;
			children = (
				887F28FA26175F9500FF62A1 /* SwiftRealmFCCalendar.app */,
			);
			name = Products;
			sourceTree = "<group>";
		};
		887F28FC26175F9500FF62A1 /* SwiftRealmFCCalendar */ = {
			isa = PBXGroup;
			children = (
				887F28FD26175F9500FF62A1 /* AppDelegate.swift */,
				887F28FF26175F9500FF62A1 /* SceneDelegate.swift */,
				887F290126175F9500FF62A1 /* ViewController.swift */,
				887F290326175F9500FF62A1 /* Main.storyboard */,
				887F290626175F9800FF62A1 /* Assets.xcassets */,
				887F290826175F9800FF62A1 /* LaunchScreen.storyboard */,
				887F290B26175F9800FF62A1 /* Info.plist */,
			);
			path = SwiftRealmFCCalendar;
			sourceTree = "<group>";
		};
		E07146456EEF86617464D722 /* Pods */ = {
			isa = PBXGroup;
			children = (
				5232607BE1B8E039641A0CCC /* Pods-SwiftRealmFCCalendar.debug.xcconfig */,
				885D86E370CF339F54A55D30 /* Pods-SwiftRealmFCCalendar.release.xcconfig */,
			);
			name = Pods;
			path = Pods;
			sourceTree = "<group>";
		};
/* End PBXGroup section */

/* Begin PBXNativeTarget section */
		887F28F926175F9500FF62A1 /* SwiftRealmFCCalendar */ = {
			isa = PBXNativeTarget;
			buildConfigurationList = 887F290E26175F9800FF62A1 /* Build configuration list for PBXNativeTarget "SwiftRealmFCCalendar" */;
			buildPhases = (
				4149E36E02BCCC0447ECBC6F /* [CP] Check Pods Manifest.lock */,
				887F28F626175F9500FF62A1 /* Sources */,
				887F28F726175F9500FF62A1 /* Frameworks */,
				887F28F826175F9500FF62A1 /* Resources */,
				79CA740AF915B7EE0245CC13 /* [CP] Embed Pods Frameworks */,
			);
			buildRules = (
			);
			dependencies = (
			);
			name = SwiftRealmFCCalendar;
			productName = SwiftRealmFCCalendar;
			productReference = 887F28FA26175F9500FF62A1 /* SwiftRealmFCCalendar.app */;
			productType = "com.apple.product-type.application";
		};
/* End PBXNativeTarget section */

/* Begin PBXProject section */
		887F28F226175F9500FF62A1 /* Project object */ = {
			isa = PBXProject;
			attributes = {
				LastSwiftUpdateCheck = 1240;
				LastUpgradeCheck = 1240;
				TargetAttributes = {
					887F28F926175F9500FF62A1 = {
						CreatedOnToolsVersion = 12.4;
					};
				};
			};
			buildConfigurationList = 887F28F526175F9500FF62A1 /* Build configuration list for PBXProject "SwiftRealmFCCalendar" */;
			compatibilityVersion = "Xcode 9.3";
			developmentRegion = en;
			hasScannedForEncodings = 0;
			knownRegions = (
				en,
				Base,
			);
			mainGroup = 887F28F126175F9500FF62A1;
			productRefGroup = 887F28FB26175F9500FF62A1 /* Products */;
			projectDirPath = "";
			projectRoot = "";
			targets = (
				887F28F926175F9500FF62A1 /* SwiftRealmFCCalendar */,
			);
		};
/* End PBXProject section */

/* Begin PBXResourcesBuildPhase section */
		887F28F826175F9500FF62A1 /* Resources */ = {
			isa = PBXResourcesBuildPhase;
			buildActionMask = 2147483647;
			files = (
				887F290A26175F9800FF62A1 /* LaunchScreen.storyboard in Resources */,
				887F290726175F9800FF62A1 /* Assets.xcassets in Resources */,
				887F290526175F9500FF62A1 /* Main.storyboard in Resources */,
			);
			runOnlyForDeploymentPostprocessing = 0;
		};
/* End PBXResourcesBuildPhase section */

/* Begin PBXShellScriptBuildPhase section */
		4149E36E02BCCC0447ECBC6F /* [CP] Check Pods Manifest.lock */ = {
			isa = PBXShellScriptBuildPhase;
			buildActionMask = 2147483647;
			files = (
			);
			inputFileListPaths = (
			);
			inputPaths = (
				"${PODS_PODFILE_DIR_PATH}/Podfile.lock",
				"${PODS_ROOT}/Manifest.lock",
			);
			name = "[CP] Check Pods Manifest.lock";
			outputFileListPaths = (
			);
			outputPaths = (
				"$(DERIVED_FILE_DIR)/Pods-SwiftRealmFCCalendar-checkManifestLockResult.txt",
			);
			runOnlyForDeploymentPostprocessing = 0;
			shellPath = /bin/sh;
			shellScript = "diff \"${PODS_PODFILE_DIR_PATH}/Podfile.lock\" \"${PODS_ROOT}/Manifest.lock\" > /dev/null\nif [ $? != 0 ] ; then\n    # print error to STDERR\n    echo \"error: The sandbox is not in sync with the Podfile.lock. Run 'pod install' or update your CocoaPods installation.\" >&2\n    exit 1\nfi\n# This output is used by Xcode 'outputs' to avoid re-running this script phase.\necho \"SUCCESS\" > \"${SCRIPT_OUTPUT_FILE_0}\"\n";
			showEnvVarsInLog = 0;
		};
		79CA740AF915B7EE0245CC13 /* [CP] Embed Pods Frameworks */ = {
			isa = PBXShellScriptBuildPhase;
			buildActionMask = 2147483647;
			files = (
			);
			inputFileListPaths = (
				"${PODS_ROOT}/Target Support Files/Pods-SwiftRealmFCCalendar/Pods-SwiftRealmFCCalendar-frameworks-${CONFIGURATION}-input-files.xcfilelist",
			);
			name = "[CP] Embed Pods Frameworks";
			outputFileListPaths = (
				"${PODS_ROOT}/Target Support Files/Pods-SwiftRealmFCCalendar/Pods-SwiftRealmFCCalendar-frameworks-${CONFIGURATION}-output-files.xcfilelist",
			);
			runOnlyForDeploymentPostprocessing = 0;
			shellPath = /bin/sh;
			shellScript = "\"${PODS_ROOT}/Target Support Files/Pods-SwiftRealmFCCalendar/Pods-SwiftRealmFCCalendar-frameworks.sh\"\n";
			showEnvVarsInLog = 0;
		};
/* End PBXShellScriptBuildPhase section */

/* Begin PBXSourcesBuildPhase section */
		887F28F626175F9500FF62A1 /* Sources */ = {
			isa = PBXSourcesBuildPhase;
			buildActionMask = 2147483647;
			files = (
				887F290226175F9500FF62A1 /* ViewController.swift in Sources */,
				887F28FE26175F9500FF62A1 /* AppDelegate.swift in Sources */,
				887F290026175F9500FF62A1 /* SceneDelegate.swift in Sources */,
			);
			runOnlyForDeploymentPostprocessing = 0;
		};
/* End PBXSourcesBuildPhase section */

/* Begin PBXVariantGroup section */
		887F290326175F9500FF62A1 /* Main.storyboard */ = {
			isa = PBXVariantGroup;
			children = (
				887F290426175F9500FF62A1 /* Base */,
			);
			name = Main.storyboard;
			sourceTree = "<group>";
		};
		887F290826175F9800FF62A1 /* LaunchScreen.storyboard */ = {
			isa = PBXVariantGroup;
			children = (
				887F290926175F9800FF62A1 /* Base */,
			);
			name = LaunchScreen.storyboard;
			sourceTree = "<group>";
		};
/* End PBXVariantGroup section */

/* Begin XCBuildConfiguration section */
		887F290C26175F9800FF62A1 /* Debug */ = {
			isa = XCBuildConfiguration;
			buildSettings = {
				ALWAYS_SEARCH_USER_PATHS = NO;
				CLANG_ANALYZER_NONNULL = YES;
				CLANG_ANALYZER_NUMBER_OBJECT_CONVERSION = YES_AGGRESSIVE;
				CLANG_CXX_LANGUAGE_STANDARD = "gnu++14";
				CLANG_CXX_LIBRARY = "libc++";
				CLANG_ENABLE_MODULES = YES;
				CLANG_ENABLE_OBJC_ARC = YES;
				CLANG_ENABLE_OBJC_WEAK = YES;
				CLANG_WARN_BLOCK_CAPTURE_AUTORELEASING = YES;
				CLANG_WARN_BOOL_CONVERSION = YES;
				CLANG_WARN_COMMA = YES;
				CLANG_WARN_CONSTANT_CONVERSION = YES;
				CLANG_WARN_DEPRECATED_OBJC_IMPLEMENTATIONS = YES;
				CLANG_WARN_DIRECT_OBJC_ISA_USAGE = YES_ERROR;
				CLANG_WARN_DOCUMENTATION_COMMENTS = YES;
				CLANG_WARN_EMPTY_BODY = YES;
				CLANG_WARN_ENUM_CONVERSION = YES;
				CLANG_WARN_INFINITE_RECURSION = YES;
				CLANG_WARN_INT_CONVERSION = YES;
				CLANG_WARN_NON_LITERAL_NULL_CONVERSION = YES;
				CLANG_WARN_OBJC_IMPLICIT_RETAIN_SELF = YES;
				CLANG_WARN_OBJC_LITERAL_CONVERSION = YES;
				CLANG_WARN_OBJC_ROOT_CLASS = YES_ERROR;
				CLANG_WARN_QUOTED_INCLUDE_IN_FRAMEWORK_HEADER = YES;
				CLANG_WARN_RANGE_LOOP_ANALYSIS = YES;
				CLANG_WARN_STRICT_PROTOTYPES = YES;
				CLANG_WARN_SUSPICIOUS_MOVE = YES;
				CLANG_WARN_UNGUARDED_AVAILABILITY = YES_AGGRESSIVE;
				CLANG_WARN_UNREACHABLE_CODE = YES;
				CLANG_WARN__DUPLICATE_METHOD_MATCH = YES;
				COPY_PHASE_STRIP = NO;
				DEBUG_INFORMATION_FORMAT = dwarf;
				ENABLE_STRICT_OBJC_MSGSEND = YES;
				ENABLE_TESTABILITY = YES;
				GCC_C_LANGUAGE_STANDARD = gnu11;
				GCC_DYNAMIC_NO_PIC = NO;
				GCC_NO_COMMON_BLOCKS = YES;
				GCC_OPTIMIZATION_LEVEL = 0;
				GCC_PREPROCESSOR_DEFINITIONS = (
					"DEBUG=1",
					"$(inherited)",
				);
				GCC_WARN_64_TO_32_BIT_CONVERSION = YES;
				GCC_WARN_ABOUT_RETURN_TYPE = YES_ERROR;
				GCC_WARN_UNDECLARED_SELECTOR = YES;
				GCC_WARN_UNINITIALIZED_AUTOS = YES_AGGRESSIVE;
				GCC_WARN_UNUSED_FUNCTION = YES;
				GCC_WARN_UNUSED_VARIABLE = YES;
				IPHONEOS_DEPLOYMENT_TARGET = 14.4;
				MTL_ENABLE_DEBUG_INFO = INCLUDE_SOURCE;
				MTL_FAST_MATH = YES;
				ONLY_ACTIVE_ARCH = YES;
				SDKROOT = iphoneos;
				SWIFT_ACTIVE_COMPILATION_CONDITIONS = DEBUG;
				SWIFT_OPTIMIZATION_LEVEL = "-Onone";
			};
			name = Debug;
		};
		887F290D26175F9800FF62A1 /* Release */ = {
			isa = XCBuildConfiguration;
			buildSettings = {
				ALWAYS_SEARCH_USER_PATHS = NO;
				CLANG_ANALYZER_NONNULL = YES;
				CLANG_ANALYZER_NUMBER_OBJECT_CONVERSION = YES_AGGRESSIVE;
				CLANG_CXX_LANGUAGE_STANDARD = "gnu++14";
				CLANG_CXX_LIBRARY = "libc++";
				CLANG_ENABLE_MODULES = YES;
				CLANG_ENABLE_OBJC_ARC = YES;
				CLANG_ENABLE_OBJC_WEAK = YES;
				CLANG_WARN_BLOCK_CAPTURE_AUTORELEASING = YES;
				CLANG_WARN_BOOL_CONVERSION = YES;
				CLANG_WARN_COMMA = YES;
				CLANG_WARN_CONSTANT_CONVERSION = YES;
				CLANG_WARN_DEPRECATED_OBJC_IMPLEMENTATIONS = YES;
				CLANG_WARN_DIRECT_OBJC_ISA_USAGE = YES_ERROR;
				CLANG_WARN_DOCUMENTATION_COMMENTS = YES;
				CLANG_WARN_EMPTY_BODY = YES;
				CLANG_WARN_ENUM_CONVERSION = YES;
				CLANG_WARN_INFINITE_RECURSION = YES;
				CLANG_WARN_INT_CONVERSION = YES;
				CLANG_WARN_NON_LITERAL_NULL_CONVERSION = YES;
				CLANG_WARN_OBJC_IMPLICIT_RETAIN_SELF = YES;
				CLANG_WARN_OBJC_LITERAL_CONVERSION = YES;
				CLANG_WARN_OBJC_ROOT_CLASS = YES_ERROR;
				CLANG_WARN_QUOTED_INCLUDE_IN_FRAMEWORK_HEADER = YES;
				CLANG_WARN_RANGE_LOOP_ANALYSIS = YES;
				CLANG_WARN_STRICT_PROTOTYPES = YES;
				CLANG_WARN_SUSPICIOUS_MOVE = YES;
				CLANG_WARN_UNGUARDED_AVAILABILITY = YES_AGGRESSIVE;
				CLANG_WARN_UNREACHABLE_CODE = YES;
				CLANG_WARN__DUPLICATE_METHOD_MATCH = YES;
				COPY_PHASE_STRIP = NO;
				DEBUG_INFORMATION_FORMAT = "dwarf-with-dsym";
				ENABLE_NS_ASSERTIONS = NO;
				ENABLE_STRICT_OBJC_MSGSEND = YES;
				GCC_C_LANGUAGE_STANDARD = gnu11;
				GCC_NO_COMMON_BLOCKS = YES;
				GCC_WARN_64_TO_32_BIT_CONVERSION = YES;
				GCC_WARN_ABOUT_RETURN_TYPE = YES_ERROR;
				GCC_WARN_UNDECLARED_SELECTOR = YES;
				GCC_WARN_UNINITIALIZED_AUTOS = YES_AGGRESSIVE;
				GCC_WARN_UNUSED_FUNCTION = YES;
				GCC_WARN_UNUSED_VARIABLE = YES;
				IPHONEOS_DEPLOYMENT_TARGET = 14.4;
				MTL_ENABLE_DEBUG_INFO = NO;
				MTL_FAST_MATH = YES;
				SDKROOT = iphoneos;
				SWIFT_COMPILATION_MODE = wholemodule;
				SWIFT_OPTIMIZATION_LEVEL = "-O";
				VALIDATE_PRODUCT = YES;
			};
			name = Release;
		};
		887F290F26175F9800FF62A1 /* Debug */ = {
			isa = XCBuildConfiguration;
			baseConfigurationReference = 5232607BE1B8E039641A0CCC /* Pods-SwiftRealmFCCalendar.debug.xcconfig */;
			buildSettings = {
				ASSETCATALOG_COMPILER_APPICON_NAME = AppIcon;
				ASSETCATALOG_COMPILER_GLOBAL_ACCENT_COLOR_NAME = AccentColor;
				CODE_SIGN_STYLE = Automatic;
				DEVELOPMENT_TEAM = Q9XTVNPMDU;
				INFOPLIST_FILE = SwiftRealmFCCalendar/Info.plist;
				LD_RUNPATH_SEARCH_PATHS = (
					"$(inherited)",
					"@executable_path/Frameworks",
				);
				PRODUCT_BUNDLE_IDENTIFIER = com.sokonishi.SwiftRealmFCCalendar;
				PRODUCT_NAME = "$(TARGET_NAME)";
				SWIFT_VERSION = 5.0;
				TARGETED_DEVICE_FAMILY = "1,2";
			};
			name = Debug;
		};
		887F291026175F9800FF62A1 /* Release */ = {
			isa = XCBuildConfiguration;
			baseConfigurationReference = 885D86E370CF339F54A55D30 /* Pods-SwiftRealmFCCalendar.release.xcconfig */;
			buildSettings = {
				ASSETCATALOG_COMPILER_APPICON_NAME = AppIcon;
				ASSETCATALOG_COMPILER_GLOBAL_ACCENT_COLOR_NAME = AccentColor;
				CODE_SIGN_STYLE = Automatic;
				DEVELOPMENT_TEAM = Q9XTVNPMDU;
				INFOPLIST_FILE = SwiftRealmFCCalendar/Info.plist;
				LD_RUNPATH_SEARCH_PATHS = (
					"$(inherited)",
					"@executable_path/Frameworks",
				);
				PRODUCT_BUNDLE_IDENTIFIER = com.sokonishi.SwiftRealmFCCalendar;
				PRODUCT_NAME = "$(TARGET_NAME)";
				SWIFT_VERSION = 5.0;
				TARGETED_DEVICE_FAMILY = "1,2";
			};
			name = Release;
		};
/* End XCBuildConfiguration section */

/* Begin XCConfigurationList section */
		887F28F526175F9500FF62A1 /* Build configuration list for PBXProject "SwiftRealmFCCalendar" */ = {
			isa = XCConfigurationList;
			buildConfigurations = (
				887F290C26175F9800FF62A1 /* Debug */,
				887F290D26175F9800FF62A1 /* Release */,
			);
			defaultConfigurationIsVisible = 0;
			defaultConfigurationName = Release;
		};
		887F290E26175F9800FF62A1 /* Build configuration list for PBXNativeTarget "SwiftRealmFCCalendar" */ = {
			isa = XCConfigurationList;
			buildConfigurations = (
				887F290F26175F9800FF62A1 /* Debug */,
				887F291026175F9800FF62A1 /* Release */,
			);
			defaultConfigurationIsVisible = 0;
			defaultConfigurationName = Release;
		};
/* End XCConfigurationList section */
	};
	rootObject = 887F28F226175F9500FF62A1 /* Project object */;
}
